
Microsoft Visual Studio Solution File, Format Version 12.00
# Visual Studio Version 17
VisualStudioVersion = 17.11.35312.102
MinimumVisualStudioVersion = 10.0.40219.1
Project("{FAE04EC0-301F-11D3-BF4B-00C04F79EFBC}") = "ComienzoConWPF", "ComienzoConWPF\ComienzoConWPF.csproj", "{DD208962-B38E-4710-9911-5C666B3E8B43}"
EndProject
Global
	GlobalSection(SolutionConfigurationPlatforms) = preSolution
		Debug|Any CPU = Debug|Any CPU
		Release|Any CPU = Release|Any CPU
	EndGlobalSection
	GlobalSection(ProjectConfigurationPlatforms) = postSolution
		{DD208962-B38E-4710-9911-5C666B3E8B43}.Debug|Any CPU.ActiveCfg = Debug|Any CPU
		{DD208962-B38E-4710-9911-5C666B3E8B43}.Debug|Any CPU.Build.0 = Debug|Any CPU
		{DD208962-B38E-4710-9911-5C666B3E8B43}.Release|Any CPU.ActiveCfg = Release|Any CPU
		{DD208962-B38E-4710-9911-5C666B3E8B43}.Release|Any CPU.Build.0 = Release|Any CPU
	EndGlobalSection
	GlobalSection(SolutionProperties) = preSolution
		HideSolutionNode = FALSE
	EndGlobalSection
	GlobalSection(ExtensibilityGlobals) = postSolution
		SolutionGuid = {C1CC1965-4650-4212-A6F5-74606225C5CC}
	EndGlobalSection
EndGlobal
