
Microsoft Visual Studio Solution File, Format Version 12.00
# Visual Studio Version 17
VisualStudioVersion = 17.11.35312.102
MinimumVisualStudioVersion = 10.0.40219.1
Project("{FAE04EC0-301F-11D3-BF4B-00C04F79EFBC}") = "ControlTextBox", "ControlTextBox\ControlTextBox.csproj", "{10097AF5-7776-4392-9A2D-00DC3C90A2C5}"
EndProject
Project("{FAE04EC0-301F-11D3-BF4B-00C04F79EFBC}") = "pruebaTextBox", "..\pruebaTextBox\pruebaTextBox\pruebaTextBox.csproj", "{C7C3FCC0-27A5-4E1C-9455-6BBCE5455ADD}"
EndProject
Global
	GlobalSection(SolutionConfigurationPlatforms) = preSolution
		Debug|Any CPU = Debug|Any CPU
		Release|Any CPU = Release|Any CPU
	EndGlobalSection
	GlobalSection(ProjectConfigurationPlatforms) = postSolution
		{10097AF5-7776-4392-9A2D-00DC3C90A2C5}.Debug|Any CPU.ActiveCfg = Debug|Any CPU
		{10097AF5-7776-4392-9A2D-00DC3C90A2C5}.Debug|Any CPU.Build.0 = Debug|Any CPU
		{10097AF5-7776-4392-9A2D-00DC3C90A2C5}.Release|Any CPU.ActiveCfg = Release|Any CPU
		{10097AF5-7776-4392-9A2D-00DC3C90A2C5}.Release|Any CPU.Build.0 = Release|Any CPU
		{C7C3FCC0-27A5-4E1C-9455-6BBCE5455ADD}.Debug|Any CPU.ActiveCfg = Debug|Any CPU
		{C7C3FCC0-27A5-4E1C-9455-6BBCE5455ADD}.Debug|Any CPU.Build.0 = Debug|Any CPU
		{C7C3FCC0-27A5-4E1C-9455-6BBCE5455ADD}.Release|Any CPU.ActiveCfg = Release|Any CPU
		{C7C3FCC0-27A5-4E1C-9455-6BBCE5455ADD}.Release|Any CPU.Build.0 = Release|Any CPU
	EndGlobalSection
	GlobalSection(SolutionProperties) = preSolution
		HideSolutionNode = FALSE
	EndGlobalSection
	GlobalSection(ExtensibilityGlobals) = postSolution
		SolutionGuid = {148CD697-FBC3-4466-B2AC-F2FEF5785A10}
	EndGlobalSection
EndGlobal
