
Microsoft Visual Studio Solution File, Format Version 12.00
# Visual Studio Version 17
VisualStudioVersion = 17.11.35312.102
MinimumVisualStudioVersion = 10.0.40219.1
Project("{FAE04EC0-301F-11D3-BF4B-00C04F79EFBC}") = "ParametrosFicheros", "ParametrosFicheros\ParametrosFicheros.csproj", "{526F8136-9DC9-434F-9263-FFEB12B9E7B6}"
EndProject
Global
	GlobalSection(SolutionConfigurationPlatforms) = preSolution
		Debug|Any CPU = Debug|Any CPU
		Release|Any CPU = Release|Any CPU
	EndGlobalSection
	GlobalSection(ProjectConfigurationPlatforms) = postSolution
		{526F8136-9DC9-434F-9263-FFEB12B9E7B6}.Debug|Any CPU.ActiveCfg = Debug|Any CPU
		{526F8136-9DC9-434F-9263-FFEB12B9E7B6}.Debug|Any CPU.Build.0 = Debug|Any CPU
		{526F8136-9DC9-434F-9263-FFEB12B9E7B6}.Release|Any CPU.ActiveCfg = Release|Any CPU
		{526F8136-9DC9-434F-9263-FFEB12B9E7B6}.Release|Any CPU.Build.0 = Release|Any CPU
	EndGlobalSection
	GlobalSection(SolutionProperties) = preSolution
		HideSolutionNode = FALSE
	EndGlobalSection
	GlobalSection(ExtensibilityGlobals) = postSolution
		SolutionGuid = {7E97F569-4EB4-4891-8326-0BF1BB3C4424}
	EndGlobalSection
EndGlobal
