
Microsoft Visual Studio Solution File, Format Version 12.00
# Visual Studio Version 17
VisualStudioVersion = 17.11.35312.102
MinimumVisualStudioVersion = 10.0.40219.1
Project("{FAE04EC0-301F-11D3-BF4B-00C04F79EFBC}") = "UsoMarcador", "UsoMarcador\UsoMarcador.csproj", "{93517286-AD90-49EA-BACC-AB4B365CBF32}"
EndProject
Global
	GlobalSection(SolutionConfigurationPlatforms) = preSolution
		Debug|Any CPU = Debug|Any CPU
		Release|Any CPU = Release|Any CPU
	EndGlobalSection
	GlobalSection(ProjectConfigurationPlatforms) = postSolution
		{93517286-AD90-49EA-BACC-AB4B365CBF32}.Debug|Any CPU.ActiveCfg = Debug|Any CPU
		{93517286-AD90-49EA-BACC-AB4B365CBF32}.Debug|Any CPU.Build.0 = Debug|Any CPU
		{93517286-AD90-49EA-BACC-AB4B365CBF32}.Release|Any CPU.ActiveCfg = Release|Any CPU
		{93517286-AD90-49EA-BACC-AB4B365CBF32}.Release|Any CPU.Build.0 = Release|Any CPU
	EndGlobalSection
	GlobalSection(SolutionProperties) = preSolution
		HideSolutionNode = FALSE
	EndGlobalSection
	GlobalSection(ExtensibilityGlobals) = postSolution
		SolutionGuid = {3DFAE76F-EB9B-400B-AB09-956CA9019EBD}
	EndGlobalSection
EndGlobal
