
Microsoft Visual Studio Solution File, Format Version 12.00
# Visual Studio Version 17
VisualStudioVersion = 17.11.35312.102
MinimumVisualStudioVersion = 10.0.40219.1
Project("{FAE04EC0-301F-11D3-BF4B-00C04F79EFBC}") = "PrimeraPrueba", "PrimeraPrueba\PrimeraPrueba.csproj", "{F48686A9-BACF-4BDF-B5D5-1E45FAA1DFDA}"
EndProject
Global
	GlobalSection(SolutionConfigurationPlatforms) = preSolution
		Debug|Any CPU = Debug|Any CPU
		Release|Any CPU = Release|Any CPU
	EndGlobalSection
	GlobalSection(ProjectConfigurationPlatforms) = postSolution
		{F48686A9-BACF-4BDF-B5D5-1E45FAA1DFDA}.Debug|Any CPU.ActiveCfg = Debug|Any CPU
		{F48686A9-BACF-4BDF-B5D5-1E45FAA1DFDA}.Debug|Any CPU.Build.0 = Debug|Any CPU
		{F48686A9-BACF-4BDF-B5D5-1E45FAA1DFDA}.Release|Any CPU.ActiveCfg = Release|Any CPU
		{F48686A9-BACF-4BDF-B5D5-1E45FAA1DFDA}.Release|Any CPU.Build.0 = Release|Any CPU
	EndGlobalSection
	GlobalSection(SolutionProperties) = preSolution
		HideSolutionNode = FALSE
	EndGlobalSection
	GlobalSection(ExtensibilityGlobals) = postSolution
		SolutionGuid = {E8B841A5-AB00-4B8B-B76D-F658130C6502}
	EndGlobalSection
EndGlobal
