
Microsoft Visual Studio Solution File, Format Version 12.00
# Visual Studio Version 17
VisualStudioVersion = 17.11.35312.102
MinimumVisualStudioVersion = 10.0.40219.1
Project("{FAE04EC0-301F-11D3-BF4B-00C04F79EFBC}") = "cocheMercedes", "cocheMercedes\cocheMercedes.csproj", "{B2D34B78-DF8D-4A8A-B4C6-413CA597D55E}"
EndProject
Global
	GlobalSection(SolutionConfigurationPlatforms) = preSolution
		Debug|Any CPU = Debug|Any CPU
		Release|Any CPU = Release|Any CPU
	EndGlobalSection
	GlobalSection(ProjectConfigurationPlatforms) = postSolution
		{B2D34B78-DF8D-4A8A-B4C6-413CA597D55E}.Debug|Any CPU.ActiveCfg = Debug|Any CPU
		{B2D34B78-DF8D-4A8A-B4C6-413CA597D55E}.Debug|Any CPU.Build.0 = Debug|Any CPU
		{B2D34B78-DF8D-4A8A-B4C6-413CA597D55E}.Release|Any CPU.ActiveCfg = Release|Any CPU
		{B2D34B78-DF8D-4A8A-B4C6-413CA597D55E}.Release|Any CPU.Build.0 = Release|Any CPU
	EndGlobalSection
	GlobalSection(SolutionProperties) = preSolution
		HideSolutionNode = FALSE
	EndGlobalSection
	GlobalSection(ExtensibilityGlobals) = postSolution
		SolutionGuid = {262076EB-C4CD-4C5A-9ED5-3F0934DF575A}
	EndGlobalSection
EndGlobal
