
Microsoft Visual Studio Solution File, Format Version 12.00
# Visual Studio Version 17
VisualStudioVersion = 17.11.35312.102
MinimumVisualStudioVersion = 10.0.40219.1
Project("{FAE04EC0-301F-11D3-BF4B-00C04F79EFBC}") = "Formulario1", "Formulario1\Formulario1.csproj", "{D5D541DE-70B5-4616-897E-33DEA31A522B}"
EndProject
Global
	GlobalSection(SolutionConfigurationPlatforms) = preSolution
		Debug|Any CPU = Debug|Any CPU
		Release|Any CPU = Release|Any CPU
	EndGlobalSection
	GlobalSection(ProjectConfigurationPlatforms) = postSolution
		{D5D541DE-70B5-4616-897E-33DEA31A522B}.Debug|Any CPU.ActiveCfg = Debug|Any CPU
		{D5D541DE-70B5-4616-897E-33DEA31A522B}.Debug|Any CPU.Build.0 = Debug|Any CPU
		{D5D541DE-70B5-4616-897E-33DEA31A522B}.Release|Any CPU.ActiveCfg = Release|Any CPU
		{D5D541DE-70B5-4616-897E-33DEA31A522B}.Release|Any CPU.Build.0 = Release|Any CPU
	EndGlobalSection
	GlobalSection(SolutionProperties) = preSolution
		HideSolutionNode = FALSE
	EndGlobalSection
	GlobalSection(ExtensibilityGlobals) = postSolution
		SolutionGuid = {03B1DB33-9447-4E41-8AC9-C5532CDABCE0}
	EndGlobalSection
EndGlobal
