
Microsoft Visual Studio Solution File, Format Version 12.00
# Visual Studio Version 17
VisualStudioVersion = 17.11.35312.102
MinimumVisualStudioVersion = 10.0.40219.1
Project("{FAE04EC0-301F-11D3-BF4B-00C04F79EFBC}") = "ControlExamen", "ControlExamen\ControlExamen.csproj", "{ADF85871-2D67-4AF6-A449-EAD809C42D72}"
EndProject
Project("{FAE04EC0-301F-11D3-BF4B-00C04F79EFBC}") = "UsoMarcador", "..\UsoMarcador\UsoMarcador\UsoMarcador.csproj", "{93517286-AD90-49EA-BACC-AB4B365CBF32}"
EndProject
Global
	GlobalSection(SolutionConfigurationPlatforms) = preSolution
		Debug|Any CPU = Debug|Any CPU
		Release|Any CPU = Release|Any CPU
	EndGlobalSection
	GlobalSection(ProjectConfigurationPlatforms) = postSolution
		{ADF85871-2D67-4AF6-A449-EAD809C42D72}.Debug|Any CPU.ActiveCfg = Debug|Any CPU
		{ADF85871-2D67-4AF6-A449-EAD809C42D72}.Debug|Any CPU.Build.0 = Debug|Any CPU
		{ADF85871-2D67-4AF6-A449-EAD809C42D72}.Release|Any CPU.ActiveCfg = Release|Any CPU
		{ADF85871-2D67-4AF6-A449-EAD809C42D72}.Release|Any CPU.Build.0 = Release|Any CPU
		{93517286-AD90-49EA-BACC-AB4B365CBF32}.Debug|Any CPU.ActiveCfg = Debug|Any CPU
		{93517286-AD90-49EA-BACC-AB4B365CBF32}.Debug|Any CPU.Build.0 = Debug|Any CPU
		{93517286-AD90-49EA-BACC-AB4B365CBF32}.Release|Any CPU.ActiveCfg = Release|Any CPU
		{93517286-AD90-49EA-BACC-AB4B365CBF32}.Release|Any CPU.Build.0 = Release|Any CPU
	EndGlobalSection
	GlobalSection(SolutionProperties) = preSolution
		HideSolutionNode = FALSE
	EndGlobalSection
	GlobalSection(ExtensibilityGlobals) = postSolution
		SolutionGuid = {9CEBAFA3-63A5-47BE-A3D8-1FDCC1EDD9A0}
	EndGlobalSection
EndGlobal
